
Microsoft Visual Studio Solution File, Format Version 12.00
# Visual Studio Version 16
VisualStudioVersion = 16.0.31005.135
MinimumVisualStudioVersion = 10.0.40219.1
Project("{9A19103F-16F7-4668-BE54-9A1E7A4F7556}") = "HexahedronIntersection", "HexahedronIntersection\HexahedronIntersection.csproj", "{A90A0E0E-EACE-4AAD-B428-25AFBF0E9A8B}"
EndProject
Project("{FAE04EC0-301F-11D3-BF4B-00C04F79EFBC}") = "HexahedronIntersectionUnitTest", "HexahedronIntersectionUnitTest\HexahedronIntersectionUnitTest.csproj", "{51E8929C-546B-49BB-A44C-016BF613F2DD}"
EndProject
Project("{FAE04EC0-301F-11D3-BF4B-00C04F79EFBC}") = "HexahedronIntersectionApp", "HexahedronIntersectionApp\HexahedronIntersectionApp.csproj", "{0994492C-2E34-46A9-8995-E4532E7C3301}"
EndProject
Global
	GlobalSection(SolutionConfigurationPlatforms) = preSolution
		Debug|Any CPU = Debug|Any CPU
		Release|Any CPU = Release|Any CPU
	EndGlobalSection
	GlobalSection(ProjectConfigurationPlatforms) = postSolution
		{A90A0E0E-EACE-4AAD-B428-25AFBF0E9A8B}.Debug|Any CPU.ActiveCfg = Debug|Any CPU
		{A90A0E0E-EACE-4AAD-B428-25AFBF0E9A8B}.Debug|Any CPU.Build.0 = Debug|Any CPU
		{A90A0E0E-EACE-4AAD-B428-25AFBF0E9A8B}.Release|Any CPU.ActiveCfg = Release|Any CPU
		{A90A0E0E-EACE-4AAD-B428-25AFBF0E9A8B}.Release|Any CPU.Build.0 = Release|Any CPU
		{51E8929C-546B-49BB-A44C-016BF613F2DD}.Debug|Any CPU.ActiveCfg = Debug|Any CPU
		{51E8929C-546B-49BB-A44C-016BF613F2DD}.Debug|Any CPU.Build.0 = Debug|Any CPU
		{51E8929C-546B-49BB-A44C-016BF613F2DD}.Release|Any CPU.ActiveCfg = Release|Any CPU
		{51E8929C-546B-49BB-A44C-016BF613F2DD}.Release|Any CPU.Build.0 = Release|Any CPU
		{0994492C-2E34-46A9-8995-E4532E7C3301}.Debug|Any CPU.ActiveCfg = Debug|Any CPU
		{0994492C-2E34-46A9-8995-E4532E7C3301}.Debug|Any CPU.Build.0 = Debug|Any CPU
		{0994492C-2E34-46A9-8995-E4532E7C3301}.Release|Any CPU.ActiveCfg = Release|Any CPU
		{0994492C-2E34-46A9-8995-E4532E7C3301}.Release|Any CPU.Build.0 = Release|Any CPU
	EndGlobalSection
	GlobalSection(SolutionProperties) = preSolution
		HideSolutionNode = FALSE
	EndGlobalSection
	GlobalSection(ExtensibilityGlobals) = postSolution
		SolutionGuid = {533B3C17-A67E-4D11-ACCB-63223831F3A3}
	EndGlobalSection
EndGlobal
